
Microsoft Visual Studio Solution File, Format Version 12.00
# Visual Studio Version 17
VisualStudioVersion = 17.2.32616.157
MinimumVisualStudioVersion = 10.0.40219.1
Project("{FAE04EC0-301F-11D3-BF4B-00C04F79EFBC}") = "TestCodeApi", "TestCodeApi\TestCodeApi.csproj", "{F4F3D61F-91FC-4065-BEF3-20528671D5E9}"
EndProject
Global
	GlobalSection(SolutionConfigurationPlatforms) = preSolution
		Debug|Any CPU = Debug|Any CPU
		Release|Any CPU = Release|Any CPU
	EndGlobalSection
	GlobalSection(ProjectConfigurationPlatforms) = postSolution
		{F4F3D61F-91FC-4065-BEF3-20528671D5E9}.Debug|Any CPU.ActiveCfg = Debug|Any CPU
		{F4F3D61F-91FC-4065-BEF3-20528671D5E9}.Debug|Any CPU.Build.0 = Debug|Any CPU
		{F4F3D61F-91FC-4065-BEF3-20528671D5E9}.Release|Any CPU.ActiveCfg = Release|Any CPU
		{F4F3D61F-91FC-4065-BEF3-20528671D5E9}.Release|Any CPU.Build.0 = Release|Any CPU
	EndGlobalSection
	GlobalSection(SolutionProperties) = preSolution
		HideSolutionNode = FALSE
	EndGlobalSection
	GlobalSection(ExtensibilityGlobals) = postSolution
		SolutionGuid = {0CCB7D4A-D538-4A83-941D-A7CE3CF55F58}
	EndGlobalSection
EndGlobal
